
Microsoft Visual Studio Solution File, Format Version 12.00
# Visual Studio 15
VisualStudioVersion = 15.0.27130.2036
MinimumVisualStudioVersion = 10.0.40219.1
Project("{FAE04EC0-301F-11D3-BF4B-00C04F79EFBC}") = "Crappy School App", "Crappy School App\Crappy School App.csproj", "{071F57B0-7A8C-4E64-B368-1DF243D9C41A}"
EndProject
Global
	GlobalSection(SolutionConfigurationPlatforms) = preSolution
		Debug|Any CPU = Debug|Any CPU
		Release|Any CPU = Release|Any CPU
	EndGlobalSection
	GlobalSection(ProjectConfigurationPlatforms) = postSolution
		{071F57B0-7A8C-4E64-B368-1DF243D9C41A}.Debug|Any CPU.ActiveCfg = Debug|Any CPU
		{071F57B0-7A8C-4E64-B368-1DF243D9C41A}.Debug|Any CPU.Build.0 = Debug|Any CPU
		{071F57B0-7A8C-4E64-B368-1DF243D9C41A}.Release|Any CPU.ActiveCfg = Release|Any CPU
		{071F57B0-7A8C-4E64-B368-1DF243D9C41A}.Release|Any CPU.Build.0 = Release|Any CPU
	EndGlobalSection
	GlobalSection(SolutionProperties) = preSolution
		HideSolutionNode = FALSE
	EndGlobalSection
	GlobalSection(ExtensibilityGlobals) = postSolution
		SolutionGuid = {AB4D9AA3-F783-407A-80C7-1AB5AF67C67D}
	EndGlobalSection
EndGlobal
